# Pinned third-party tool binaries fetched from official releases.
# Format: <tool> <version> <os>-<arch> <sha256>
# Edit a version here, refresh its checksums, then run `make tools`.

golangci-lint 2.12.2 linux-amd64  8df580d2670fed8fa984aac0507099af8df275e665215f5c7a2ae3943893a553
golangci-lint 2.12.2 linux-arm64  44cd40a8c76c86755375adfeea52cfd3533cb43d7bd647771e0ae065e166df3a
golangci-lint 2.12.2 darwin-amd64 f6f06d94b6241521c53d15450c5209b028270bf966f842afb11c030c79f5bc16
golangci-lint 2.12.2 darwin-arm64 a9c54498731b3128f79e090be6110f3e5fffccc617b08142ed244d4126c73f29

go-arch-lint 1.15.0 linux-amd64  b694a40d4b880b7665b164da6023775ba7461ac2110de09f0b2dddd1c58d4176
go-arch-lint 1.15.0 linux-arm64  b806132ca67f98e932f84228e2bed14ee1a99abe0226dab352c63e63c2ded976
go-arch-lint 1.15.0 darwin-amd64 aa85c68a811673d4d3a510d8d616fedb523e9c58eb4a30a997decbb87e0970d6
go-arch-lint 1.15.0 darwin-arm64 37c8ebd36bfedb97c14486ff480f91c60bf0901ccc600aee2044591c13b72922

gosec 2.28.0 linux-amd64  d7882e505b1ff345d458bf0e893eec8019bc849f861ad73a212869540dd505ff
gosec 2.28.0 linux-arm64  63259681b6e4b9e7a24d4e187b485e75d3844d28d512b0c97dc831e51d374720
gosec 2.28.0 darwin-amd64 ad23af3a6bfef8112a2da386acd61ede1374c8d022c06d8ef130ccf9748311d4
gosec 2.28.0 darwin-arm64 6c4993a0ab5e3007d66c87cbcb4e3948f8000971f8eeaf3ac269cbc87a603ba4
